// !$*UTF8*$!
{
	archiveVersion = 1;
	classes = {
	};
	objectVersion = 46;
	objects = {

/* Begin PBXBuildFile section */
		564C1CA01C54999E003AA2C4 /* AppDelegate.swift in Sources */ = {isa = PBXBuildFile; fileRef = 564C1C9F1C54999E003AA2C4 /* AppDelegate.swift */; };
		564C1CA21C54999E003AA2C4 /* ViewController.swift in Sources */ = {isa = PBXBuildFile; fileRef = 564C1CA11C54999E003AA2C4 /* ViewController.swift */; };
		564C1CA51C54999E003AA2C4 /* Main.storyboard in Resources */ = {isa = PBXBuildFile; fileRef = 564C1CA31C54999E003AA2C4 /* Main.storyboard */; };
		564C1CA71C54999E003AA2C4 /* Assets.xcassets in Resources */ = {isa = PBXBuildFile; fileRef = 564C1CA61C54999E003AA2C4 /* Assets.xcassets */; };
		564C1CAA1C54999E003AA2C4 /* LaunchScreen.storyboard in Resources */ = {isa = PBXBuildFile; fileRef = 564C1CA81C54999E003AA2C4 /* LaunchScreen.storyboard */; };
		564C1CAF1C54999E003AA2C4 /* CreaTuPizzaWatch WatchKit App.app in Embed Watch Content */ = {isa = PBXBuildFile; fileRef = 564C1CAE1C54999E003AA2C4 /* CreaTuPizzaWatch WatchKit App.app */; };
		564C1CB51C54999E003AA2C4 /* Interface.storyboard in Resources */ = {isa = PBXBuildFile; fileRef = 564C1CB31C54999E003AA2C4 /* Interface.storyboard */; };
		564C1CB71C54999E003AA2C4 /* Assets.xcassets in Resources */ = {isa = PBXBuildFile; fileRef = 564C1CB61C54999E003AA2C4 /* Assets.xcassets */; };
		564C1CBE1C54999E003AA2C4 /* CreaTuPizzaWatch WatchKit Extension.appex in Embed App Extensions */ = {isa = PBXBuildFile; fileRef = 564C1CBD1C54999E003AA2C4 /* CreaTuPizzaWatch WatchKit Extension.appex */; settings = {ATTRIBUTES = (RemoveHeadersOnCopy, ); }; };
		564C1CC31C54999E003AA2C4 /* InterfaceController.swift in Sources */ = {isa = PBXBuildFile; fileRef = 564C1CC21C54999E003AA2C4 /* InterfaceController.swift */; };
		564C1CC51C54999E003AA2C4 /* ExtensionDelegate.swift in Sources */ = {isa = PBXBuildFile; fileRef = 564C1CC41C54999E003AA2C4 /* ExtensionDelegate.swift */; };
		564C1CC71C54999E003AA2C4 /* Assets.xcassets in Resources */ = {isa = PBXBuildFile; fileRef = 564C1CC61C54999E003AA2C4 /* Assets.xcassets */; };
		5664CA441C54A0A3009F91E7 /* TamanoController.swift in Sources */ = {isa = PBXBuildFile; fileRef = 5664CA431C54A0A3009F91E7 /* TamanoController.swift */; };
		5664CA461C54A0F3009F91E7 /* MasaController.swift in Sources */ = {isa = PBXBuildFile; fileRef = 5664CA451C54A0F3009F91E7 /* MasaController.swift */; };
		5664CA481C54A102009F91E7 /* QuesoController.swift in Sources */ = {isa = PBXBuildFile; fileRef = 5664CA471C54A102009F91E7 /* QuesoController.swift */; };
		5664CA4A1C54A113009F91E7 /* IngredientesController.swift in Sources */ = {isa = PBXBuildFile; fileRef = 5664CA491C54A113009F91E7 /* IngredientesController.swift */; };
		5664CA4C1C54A126009F91E7 /* ResumenController.swift in Sources */ = {isa = PBXBuildFile; fileRef = 5664CA4B1C54A126009F91E7 /* ResumenController.swift */; };
		5667519D1C549A460097A10A /* Datos.swift in Sources */ = {isa = PBXBuildFile; fileRef = 5667519C1C549A460097A10A /* Datos.swift */; };
/* End PBXBuildFile section */

/* Begin PBXContainerItemProxy section */
		564C1CB01C54999E003AA2C4 /* PBXContainerItemProxy */ = {
			isa = PBXContainerItemProxy;
			containerPortal = 564C1C941C54999E003AA2C4 /* Project object */;
			proxyType = 1;
			remoteGlobalIDString = 564C1CAD1C54999E003AA2C4;
			remoteInfo = "CreaTuPizzaWatch WatchKit App";
		};
		564C1CBF1C54999E003AA2C4 /* PBXContainerItemProxy */ = {
			isa = PBXContainerItemProxy;
			containerPortal = 564C1C941C54999E003AA2C4 /* Project object */;
			proxyType = 1;
			remoteGlobalIDString = 564C1CBC1C54999E003AA2C4;
			remoteInfo = "CreaTuPizzaWatch WatchKit Extension";
		};
/* End PBXContainerItemProxy section */

/* Begin PBXCopyFilesBuildPhase section */
		564C1CCE1C54999E003AA2C4 /* Embed App Extensions */ = {
			isa = PBXCopyFilesBuildPhase;
			buildActionMask = 2147483647;
			dstPath = "";
			dstSubfolderSpec = 13;
			files = (
				564C1CBE1C54999E003AA2C4 /* CreaTuPizzaWatch WatchKit Extension.appex in Embed App Extensions */,
			);
			name = "Embed App Extensions";
			runOnlyForDeploymentPostprocessing = 0;
		};
		564C1CD21C54999E003AA2C4 /* Embed Watch Content */ = {
			isa = PBXCopyFilesBuildPhase;
			buildActionMask = 2147483647;
			dstPath = "$(CONTENTS_FOLDER_PATH)/Watch";
			dstSubfolderSpec = 16;
			files = (
				564C1CAF1C54999E003AA2C4 /* CreaTuPizzaWatch WatchKit App.app in Embed Watch Content */,
			);
			name = "Embed Watch Content";
			runOnlyForDeploymentPostprocessing = 0;
		};
/* End PBXCopyFilesBuildPhase section */

/* Begin PBXFileReference section */
		564C1C9C1C54999E003AA2C4 /* CreaTuPizzaWatch.app */ = {isa = PBXFileReference; explicitFileType = wrapper.application; includeInIndex = 0; path = CreaTuPizzaWatch.app; sourceTree = BUILT_PRODUCTS_DIR; };
		564C1C9F1C54999E003AA2C4 /* AppDelegate.swift */ = {isa = PBXFileReference; lastKnownFileType = sourcecode.swift; path = AppDelegate.swift; sourceTree = "<group>"; };
		564C1CA11C54999E003AA2C4 /* ViewController.swift */ = {isa = PBXFileReference; lastKnownFileType = sourcecode.swift; path = ViewController.swift; sourceTree = "<group>"; };
		564C1CA41C54999E003AA2C4 /* Base */ = {isa = PBXFileReference; lastKnownFileType = file.storyboard; name = Base; path = Base.lproj/Main.storyboard; sourceTree = "<group>"; };
		564C1CA61C54999E003AA2C4 /* Assets.xcassets */ = {isa = PBXFileReference; lastKnownFileType = folder.assetcatalog; path = Assets.xcassets; sourceTree = "<group>"; };
		564C1CA91C54999E003AA2C4 /* Base */ = {isa = PBXFileReference; lastKnownFileType = file.storyboard; name = Base; path = Base.lproj/LaunchScreen.storyboard; sourceTree = "<group>"; };
		564C1CAB1C54999E003AA2C4 /* Info.plist */ = {isa = PBXFileReference; lastKnownFileType = text.plist.xml; path = Info.plist; sourceTree = "<group>"; };
		564C1CAE1C54999E003AA2C4 /* CreaTuPizzaWatch WatchKit App.app */ = {isa = PBXFileReference; explicitFileType = wrapper.application; includeInIndex = 0; path = "CreaTuPizzaWatch WatchKit App.app"; sourceTree = BUILT_PRODUCTS_DIR; };
		564C1CB41C54999E003AA2C4 /* Base */ = {isa = PBXFileReference; lastKnownFileType = file.storyboard; name = Base; path = Base.lproj/Interface.storyboard; sourceTree = "<group>"; };
		564C1CB61C54999E003AA2C4 /* Assets.xcassets */ = {isa = PBXFileReference; lastKnownFileType = folder.assetcatalog; path = Assets.xcassets; sourceTree = "<group>"; };
		564C1CB81C54999E003AA2C4 /* Info.plist */ = {isa = PBXFileReference; lastKnownFileType = text.plist.xml; path = Info.plist; sourceTree = "<group>"; };
		564C1CBD1C54999E003AA2C4 /* CreaTuPizzaWatch WatchKit Extension.appex */ = {isa = PBXFileReference; explicitFileType = "wrapper.app-extension"; includeInIndex = 0; path = "CreaTuPizzaWatch WatchKit Extension.appex"; sourceTree = BUILT_PRODUCTS_DIR; };
		564C1CC21C54999E003AA2C4 /* InterfaceController.swift */ = {isa = PBXFileReference; lastKnownFileType = sourcecode.swift; path = InterfaceController.swift; sourceTree = "<group>"; };
		564C1CC41C54999E003AA2C4 /* ExtensionDelegate.swift */ = {isa = PBXFileReference; lastKnownFileType = sourcecode.swift; path = ExtensionDelegate.swift; sourceTree = "<group>"; };
		564C1CC61C54999E003AA2C4 /* Assets.xcassets */ = {isa = PBXFileReference; lastKnownFileType = folder.assetcatalog; path = Assets.xcassets; sourceTree = "<group>"; };
		564C1CC81C54999E003AA2C4 /* Info.plist */ = {isa = PBXFileReference; lastKnownFileType = text.plist.xml; path = Info.plist; sourceTree = "<group>"; };
		5664CA431C54A0A3009F91E7 /* TamanoController.swift */ = {isa = PBXFileReference; fileEncoding = 4; lastKnownFileType = sourcecode.swift; path = TamanoController.swift; sourceTree = "<group>"; };
		5664CA451C54A0F3009F91E7 /* MasaController.swift */ = {isa = PBXFileReference; fileEncoding = 4; lastKnownFileType = sourcecode.swift; path = MasaController.swift; sourceTree = "<group>"; };
		5664CA471C54A102009F91E7 /* QuesoController.swift */ = {isa = PBXFileReference; fileEncoding = 4; lastKnownFileType = sourcecode.swift; path = QuesoController.swift; sourceTree = "<group>"; };
		5664CA491C54A113009F91E7 /* IngredientesController.swift */ = {isa = PBXFileReference; fileEncoding = 4; lastKnownFileType = sourcecode.swift; path = IngredientesController.swift; sourceTree = "<group>"; };
		5664CA4B1C54A126009F91E7 /* ResumenController.swift */ = {isa = PBXFileReference; fileEncoding = 4; lastKnownFileType = sourcecode.swift; path = ResumenController.swift; sourceTree = "<group>"; };
		5667519C1C549A460097A10A /* Datos.swift */ = {isa = PBXFileReference; fileEncoding = 4; lastKnownFileType = sourcecode.swift; path = Datos.swift; sourceTree = "<group>"; };
/* End PBXFileReference section */

/* Begin PBXFrameworksBuildPhase section */
		564C1C991C54999E003AA2C4 /* Frameworks */ = {
			isa = PBXFrameworksBuildPhase;
			buildActionMask = 2147483647;
			files = (
			);
			runOnlyForDeploymentPostprocessing = 0;
		};
		564C1CBA1C54999E003AA2C4 /* Frameworks */ = {
			isa = PBXFrameworksBuildPhase;
			buildActionMask = 2147483647;
			files = (
			);
			runOnlyForDeploymentPostprocessing = 0;
		};
/* End PBXFrameworksBuildPhase section */

/* Begin PBXGroup section */
		564C1C931C54999E003AA2C4 = {
			isa = PBXGroup;
			children = (
				564C1C9E1C54999E003AA2C4 /* CreaTuPizzaWatch */,
				564C1CB21C54999E003AA2C4 /* CreaTuPizzaWatch WatchKit App */,
				564C1CC11C54999E003AA2C4 /* CreaTuPizzaWatch WatchKit Extension */,
				564C1C9D1C54999E003AA2C4 /* Products */,
			);
			sourceTree = "<group>";
		};
		564C1C9D1C54999E003AA2C4 /* Products */ = {
			isa = PBXGroup;
			children = (
				564C1C9C1C54999E003AA2C4 /* CreaTuPizzaWatch.app */,
				564C1CAE1C54999E003AA2C4 /* CreaTuPizzaWatch WatchKit App.app */,
				564C1CBD1C54999E003AA2C4 /* CreaTuPizzaWatch WatchKit Extension.appex */,
			);
			name = Products;
			sourceTree = "<group>";
		};
		564C1C9E1C54999E003AA2C4 /* CreaTuPizzaWatch */ = {
			isa = PBXGroup;
			children = (
				564C1C9F1C54999E003AA2C4 /* AppDelegate.swift */,
				564C1CA11C54999E003AA2C4 /* ViewController.swift */,
				564C1CA31C54999E003AA2C4 /* Main.storyboard */,
				564C1CA61C54999E003AA2C4 /* Assets.xcassets */,
				564C1CA81C54999E003AA2C4 /* LaunchScreen.storyboard */,
				564C1CAB1C54999E003AA2C4 /* Info.plist */,
			);
			path = CreaTuPizzaWatch;
			sourceTree = "<group>";
		};
		564C1CB21C54999E003AA2C4 /* CreaTuPizzaWatch WatchKit App */ = {
			isa = PBXGroup;
			children = (
				564C1CB31C54999E003AA2C4 /* Interface.storyboard */,
				564C1CB61C54999E003AA2C4 /* Assets.xcassets */,
				564C1CB81C54999E003AA2C4 /* Info.plist */,
			);
			path = "CreaTuPizzaWatch WatchKit App";
			sourceTree = "<group>";
		};
		564C1CC11C54999E003AA2C4 /* CreaTuPizzaWatch WatchKit Extension */ = {
			isa = PBXGroup;
			children = (
				564C1CC21C54999E003AA2C4 /* InterfaceController.swift */,
				564C1CC41C54999E003AA2C4 /* ExtensionDelegate.swift */,
				564C1CC61C54999E003AA2C4 /* Assets.xcassets */,
				564C1CC81C54999E003AA2C4 /* Info.plist */,
				5667519C1C549A460097A10A /* Datos.swift */,
				5664CA431C54A0A3009F91E7 /* TamanoController.swift */,
				5664CA451C54A0F3009F91E7 /* MasaController.swift */,
				5664CA471C54A102009F91E7 /* QuesoController.swift */,
				5664CA491C54A113009F91E7 /* IngredientesController.swift */,
				5664CA4B1C54A126009F91E7 /* ResumenController.swift */,
			);
			path = "CreaTuPizzaWatch WatchKit Extension";
			sourceTree = "<group>";
		};
/* End PBXGroup section */

/* Begin PBXNativeTarget section */
		564C1C9B1C54999E003AA2C4 /* CreaTuPizzaWatch */ = {
			isa = PBXNativeTarget;
			buildConfigurationList = 564C1CD31C54999E003AA2C4 /* Build configuration list for PBXNativeTarget "CreaTuPizzaWatch" */;
			buildPhases = (
				564C1C981C54999E003AA2C4 /* Sources */,
				564C1C991C54999E003AA2C4 /* Frameworks */,
				564C1C9A1C54999E003AA2C4 /* Resources */,
				564C1CD21C54999E003AA2C4 /* Embed Watch Content */,
			);
			buildRules = (
			);
			dependencies = (
				564C1CB11C54999E003AA2C4 /* PBXTargetDependency */,
			);
			name = CreaTuPizzaWatch;
			productName = CreaTuPizzaWatch;
			productReference = 564C1C9C1C54999E003AA2C4 /* CreaTuPizzaWatch.app */;
			productType = "com.apple.product-type.application";
		};
		564C1CAD1C54999E003AA2C4 /* CreaTuPizzaWatch WatchKit App */ = {
			isa = PBXNativeTarget;
			buildConfigurationList = 564C1CCF1C54999E003AA2C4 /* Build configuration list for PBXNativeTarget "CreaTuPizzaWatch WatchKit App" */;
			buildPhases = (
				564C1CAC1C54999E003AA2C4 /* Resources */,
				564C1CCE1C54999E003AA2C4 /* Embed App Extensions */,
			);
			buildRules = (
			);
			dependencies = (
				564C1CC01C54999E003AA2C4 /* PBXTargetDependency */,
			);
			name = "CreaTuPizzaWatch WatchKit App";
			productName = "CreaTuPizzaWatch WatchKit App";
			productReference = 564C1CAE1C54999E003AA2C4 /* CreaTuPizzaWatch WatchKit App.app */;
			productType = "com.apple.product-type.application.watchapp2";
		};
		564C1CBC1C54999E003AA2C4 /* CreaTuPizzaWatch WatchKit Extension */ = {
			isa = PBXNativeTarget;
			buildConfigurationList = 564C1CCB1C54999E003AA2C4 /* Build configuration list for PBXNativeTarget "CreaTuPizzaWatch WatchKit Extension" */;
			buildPhases = (
				564C1CB91C54999E003AA2C4 /* Sources */,
				564C1CBA1C54999E003AA2C4 /* Frameworks */,
				564C1CBB1C54999E003AA2C4 /* Resources */,
			);
			buildRules = (
			);
			dependencies = (
			);
			name = "CreaTuPizzaWatch WatchKit Extension";
			productName = "CreaTuPizzaWatch WatchKit Extension";
			productReference = 564C1CBD1C54999E003AA2C4 /* CreaTuPizzaWatch WatchKit Extension.appex */;
			productType = "com.apple.product-type.watchkit2-extension";
		};
/* End PBXNativeTarget section */

/* Begin PBXProject section */
		564C1C941C54999E003AA2C4 /* Project object */ = {
			isa = PBXProject;
			attributes = {
				LastSwiftUpdateCheck = 0720;
				LastUpgradeCheck = 0720;
				ORGANIZATIONNAME = "Gerardo Guerra Pulido";
				TargetAttributes = {
					564C1C9B1C54999E003AA2C4 = {
						CreatedOnToolsVersion = 7.2;
						DevelopmentTeam = 59BP8U82B7;
					};
					564C1CAD1C54999E003AA2C4 = {
						CreatedOnToolsVersion = 7.2;
						DevelopmentTeam = 59BP8U82B7;
					};
					564C1CBC1C54999E003AA2C4 = {
						CreatedOnToolsVersion = 7.2;
						DevelopmentTeam = 59BP8U82B7;
					};
				};
			};
			buildConfigurationList = 564C1C971C54999E003AA2C4 /* Build configuration list for PBXProject "CreaTuPizzaWatch" */;
			compatibilityVersion = "Xcode 3.2";
			developmentRegion = English;
			hasScannedForEncodings = 0;
			knownRegions = (
				en,
				Base,
			);
			mainGroup = 564C1C931C54999E003AA2C4;
			productRefGroup = 564C1C9D1C54999E003AA2C4 /* Products */;
			projectDirPath = "";
			projectRoot = "";
			targets = (
				564C1C9B1C54999E003AA2C4 /* CreaTuPizzaWatch */,
				564C1CAD1C54999E003AA2C4 /* CreaTuPizzaWatch WatchKit App */,
				564C1CBC1C54999E003AA2C4 /* CreaTuPizzaWatch WatchKit Extension */,
			);
		};
/* End PBXProject section */

/* Begin PBXResourcesBuildPhase section */
		564C1C9A1C54999E003AA2C4 /* Resources */ = {
			isa = PBXResourcesBuildPhase;
			buildActionMask = 2147483647;
			files = (
				564C1CAA1C54999E003AA2C4 /* LaunchScreen.storyboard in Resources */,
				564C1CA71C54999E003AA2C4 /* Assets.xcassets in Resources */,
				564C1CA51C54999E003AA2C4 /* Main.storyboard in Resources */,
			);
			runOnlyForDeploymentPostprocessing = 0;
		};
		564C1CAC1C54999E003AA2C4 /* Resources */ = {
			isa = PBXResourcesBuildPhase;
			buildActionMask = 2147483647;
			files = (
				564C1CB71C54999E003AA2C4 /* Assets.xcassets in Resources */,
				564C1CB51C54999E003AA2C4 /* Interface.storyboard in Resources */,
			);
			runOnlyForDeploymentPostprocessing = 0;
		};
		564C1CBB1C54999E003AA2C4 /* Resources */ = {
			isa = PBXResourcesBuildPhase;
			buildActionMask = 2147483647;
			files = (
				564C1CC71C54999E003AA2C4 /* Assets.xcassets in Resources */,
			);
			runOnlyForDeploymentPostprocessing = 0;
		};
/* End PBXResourcesBuildPhase section */

/* Begin PBXSourcesBuildPhase section */
		564C1C981C54999E003AA2C4 /* Sources */ = {
			isa = PBXSourcesBuildPhase;
			buildActionMask = 2147483647;
			files = (
				564C1CA21C54999E003AA2C4 /* ViewController.swift in Sources */,
				564C1CA01C54999E003AA2C4 /* AppDelegate.swift in Sources */,
			);
			runOnlyForDeploymentPostprocessing = 0;
		};
		564C1CB91C54999E003AA2C4 /* Sources */ = {
			isa = PBXSourcesBuildPhase;
			buildActionMask = 2147483647;
			files = (
				564C1CC51C54999E003AA2C4 /* ExtensionDelegate.swift in Sources */,
				5664CA4A1C54A113009F91E7 /* IngredientesController.swift in Sources */,
				5664CA441C54A0A3009F91E7 /* TamanoController.swift in Sources */,
				564C1CC31C54999E003AA2C4 /* InterfaceController.swift in Sources */,
				5664CA481C54A102009F91E7 /* QuesoController.swift in Sources */,
				5664CA4C1C54A126009F91E7 /* ResumenController.swift in Sources */,
				5667519D1C549A460097A10A /* Datos.swift in Sources */,
				5664CA461C54A0F3009F91E7 /* MasaController.swift in Sources */,
			);
			runOnlyForDeploymentPostprocessing = 0;
		};
/* End PBXSourcesBuildPhase section */

/* Begin PBXTargetDependency section */
		564C1CB11C54999E003AA2C4 /* PBXTargetDependency */ = {
			isa = PBXTargetDependency;
			target = 564C1CAD1C54999E003AA2C4 /* CreaTuPizzaWatch WatchKit App */;
			targetProxy = 564C1CB01C54999E003AA2C4 /* PBXContainerItemProxy */;
		};
		564C1CC01C54999E003AA2C4 /* PBXTargetDependency */ = {
			isa = PBXTargetDependency;
			target = 564C1CBC1C54999E003AA2C4 /* CreaTuPizzaWatch WatchKit Extension */;
			targetProxy = 564C1CBF1C54999E003AA2C4 /* PBXContainerItemProxy */;
		};
/* End PBXTargetDependency section */

/* Begin PBXVariantGroup section */
		564C1CA31C54999E003AA2C4 /* Main.storyboard */ = {
			isa = PBXVariantGroup;
			children = (
				564C1CA41C54999E003AA2C4 /* Base */,
			);
			name = Main.storyboard;
			sourceTree = "<group>";
		};
		564C1CA81C54999E003AA2C4 /* LaunchScreen.storyboard */ = {
			isa = PBXVariantGroup;
			children = (
				564C1CA91C54999E003AA2C4 /* Base */,
			);
			name = LaunchScreen.storyboard;
			sourceTree = "<group>";
		};
		564C1CB31C54999E003AA2C4 /* Interface.storyboard */ = {
			isa = PBXVariantGroup;
			children = (
				564C1CB41C54999E003AA2C4 /* Base */,
			);
			name = Interface.storyboard;
			sourceTree = "<group>";
		};
/* End PBXVariantGroup section */

/* Begin XCBuildConfiguration section */
		564C1CC91C54999E003AA2C4 /* Debug */ = {
			isa = XCBuildConfiguration;
			buildSettings = {
				ALWAYS_SEARCH_USER_PATHS = NO;
				CLANG_CXX_LANGUAGE_STANDARD = "gnu++0x";
				CLANG_CXX_LIBRARY = "libc++";
				CLANG_ENABLE_MODULES = YES;
				CLANG_ENABLE_OBJC_ARC = YES;
				CLANG_WARN_BOOL_CONVERSION = YES;
				CLANG_WARN_CONSTANT_CONVERSION = YES;
				CLANG_WARN_DIRECT_OBJC_ISA_USAGE = YES_ERROR;
				CLANG_WARN_EMPTY_BODY = YES;
				CLANG_WARN_ENUM_CONVERSION = YES;
				CLANG_WARN_INT_CONVERSION = YES;
				CLANG_WARN_OBJC_ROOT_CLASS = YES_ERROR;
				CLANG_WARN_UNREACHABLE_CODE = YES;
				CLANG_WARN__DUPLICATE_METHOD_MATCH = YES;
				"CODE_SIGN_IDENTITY[sdk=iphoneos*]" = "iPhone Developer";
				COPY_PHASE_STRIP = NO;
				DEBUG_INFORMATION_FORMAT = dwarf;
				ENABLE_STRICT_OBJC_MSGSEND = YES;
				ENABLE_TESTABILITY = YES;
				GCC_C_LANGUAGE_STANDARD = gnu99;
				GCC_DYNAMIC_NO_PIC = NO;
				GCC_NO_COMMON_BLOCKS = YES;
				GCC_OPTIMIZATION_LEVEL = 0;
				GCC_PREPROCESSOR_DEFINITIONS = (
					"DEBUG=1",
					"$(inherited)",
				);
				GCC_WARN_64_TO_32_BIT_CONVERSION = YES;
				GCC_WARN_ABOUT_RETURN_TYPE = YES_ERROR;
				GCC_WARN_UNDECLARED_SELECTOR = YES;
				GCC_WARN_UNINITIALIZED_AUTOS = YES_AGGRESSIVE;
				GCC_WARN_UNUSED_FUNCTION = YES;
				GCC_WARN_UNUSED_VARIABLE = YES;
				IPHONEOS_DEPLOYMENT_TARGET = 9.2;
				MTL_ENABLE_DEBUG_INFO = YES;
				ONLY_ACTIVE_ARCH = YES;
				SDKROOT = iphoneos;
				SWIFT_OPTIMIZATION_LEVEL = "-Onone";
			};
			name = Debug;
		};
		564C1CCA1C54999E003AA2C4 /* Release */ = {
			isa = XCBuildConfiguration;
			buildSettings = {
				ALWAYS_SEARCH_USER_PATHS = NO;
				CLANG_CXX_LANGUAGE_STANDARD = "gnu++0x";
				CLANG_CXX_LIBRARY = "libc++";
				CLANG_ENABLE_MODULES = YES;
				CLANG_ENABLE_OBJC_ARC = YES;
				CLANG_WARN_BOOL_CONVERSION = YES;
				CLANG_WARN_CONSTANT_CONVERSION = YES;
				CLANG_WARN_DIRECT_OBJC_ISA_USAGE = YES_ERROR;
				CLANG_WARN_EMPTY_BODY = YES;
				CLANG_WARN_ENUM_CONVERSION = YES;
				CLANG_WARN_INT_CONVERSION = YES;
				CLANG_WARN_OBJC_ROOT_CLASS = YES_ERROR;
				CLANG_WARN_UNREACHABLE_CODE = YES;
				CLANG_WARN__DUPLICATE_METHOD_MATCH = YES;
				"CODE_SIGN_IDENTITY[sdk=iphoneos*]" = "iPhone Developer";
				COPY_PHASE_STRIP = NO;
				DEBUG_INFORMATION_FORMAT = "dwarf-with-dsym";
				ENABLE_NS_ASSERTIONS = NO;
				ENABLE_STRICT_OBJC_MSGSEND = YES;
				GCC_C_LANGUAGE_STANDARD = gnu99;
				GCC_NO_COMMON_BLOCKS = YES;
				GCC_WARN_64_TO_32_BIT_CONVERSION = YES;
				GCC_WARN_ABOUT_RETURN_TYPE = YES_ERROR;
				GCC_WARN_UNDECLARED_SELECTOR = YES;
				GCC_WARN_UNINITIALIZED_AUTOS = YES_AGGRESSIVE;
				GCC_WARN_UNUSED_FUNCTION = YES;
				GCC_WARN_UNUSED_VARIABLE = YES;
				IPHONEOS_DEPLOYMENT_TARGET = 9.2;
				MTL_ENABLE_DEBUG_INFO = NO;
				SDKROOT = iphoneos;
				VALIDATE_PRODUCT = YES;
			};
			name = Release;
		};
		564C1CCC1C54999E003AA2C4 /* Debug */ = {
			isa = XCBuildConfiguration;
			buildSettings = {
				INFOPLIST_FILE = "CreaTuPizzaWatch WatchKit Extension/Info.plist";
				LD_RUNPATH_SEARCH_PATHS = "$(inherited) @executable_path/Frameworks @executable_path/../../Frameworks";
				PRODUCT_BUNDLE_IDENTIFIER = mx.itesm.CreaTuPizzaWatch.watchkitapp.watchkitextension;
				PRODUCT_NAME = "${TARGET_NAME}";
				SDKROOT = watchos;
				SKIP_INSTALL = YES;
				TARGETED_DEVICE_FAMILY = 4;
				WATCHOS_DEPLOYMENT_TARGET = 2.1;
			};
			name = Debug;
		};
		564C1CCD1C54999E003AA2C4 /* Release */ = {
			isa = XCBuildConfiguration;
			buildSettings = {
				INFOPLIST_FILE = "CreaTuPizzaWatch WatchKit Extension/Info.plist";
				LD_RUNPATH_SEARCH_PATHS = "$(inherited) @executable_path/Frameworks @executable_path/../../Frameworks";
				PRODUCT_BUNDLE_IDENTIFIER = mx.itesm.CreaTuPizzaWatch.watchkitapp.watchkitextension;
				PRODUCT_NAME = "${TARGET_NAME}";
				SDKROOT = watchos;
				SKIP_INSTALL = YES;
				TARGETED_DEVICE_FAMILY = 4;
				WATCHOS_DEPLOYMENT_TARGET = 2.1;
			};
			name = Release;
		};
		564C1CD01C54999E003AA2C4 /* Debug */ = {
			isa = XCBuildConfiguration;
			buildSettings = {
				ASSETCATALOG_COMPILER_APPICON_NAME = AppIcon;
				EMBEDDED_CONTENT_CONTAINS_SWIFT = YES;
				IBSC_MODULE = CreaTuPizzaWatch_WatchKit_Extension;
				INFOPLIST_FILE = "CreaTuPizzaWatch WatchKit App/Info.plist";
				PRODUCT_BUNDLE_IDENTIFIER = mx.itesm.CreaTuPizzaWatch.watchkitapp;
				PRODUCT_NAME = "$(TARGET_NAME)";
				SDKROOT = watchos;
				SKIP_INSTALL = YES;
				TARGETED_DEVICE_FAMILY = 4;
				WATCHOS_DEPLOYMENT_TARGET = 2.1;
			};
			name = Debug;
		};
		564C1CD11C54999E003AA2C4 /* Release */ = {
			isa = XCBuildConfiguration;
			buildSettings = {
				ASSETCATALOG_COMPILER_APPICON_NAME = AppIcon;
				EMBEDDED_CONTENT_CONTAINS_SWIFT = YES;
				IBSC_MODULE = CreaTuPizzaWatch_WatchKit_Extension;
				INFOPLIST_FILE = "CreaTuPizzaWatch WatchKit App/Info.plist";
				PRODUCT_BUNDLE_IDENTIFIER = mx.itesm.CreaTuPizzaWatch.watchkitapp;
				PRODUCT_NAME = "$(TARGET_NAME)";
				SDKROOT = watchos;
				SKIP_INSTALL = YES;
				TARGETED_DEVICE_FAMILY = 4;
				WATCHOS_DEPLOYMENT_TARGET = 2.1;
			};
			name = Release;
		};
		564C1CD41C54999E003AA2C4 /* Debug */ = {
			isa = XCBuildConfiguration;
			buildSettings = {
				ASSETCATALOG_COMPILER_APPICON_NAME = AppIcon;
				INFOPLIST_FILE = CreaTuPizzaWatch/Info.plist;
				LD_RUNPATH_SEARCH_PATHS = "$(inherited) @executable_path/Frameworks";
				PRODUCT_BUNDLE_IDENTIFIER = mx.itesm.CreaTuPizzaWatch;
				PRODUCT_NAME = "$(TARGET_NAME)";
			};
			name = Debug;
		};
		564C1CD51C54999E003AA2C4 /* Release */ = {
			isa = XCBuildConfiguration;
			buildSettings = {
				ASSETCATALOG_COMPILER_APPICON_NAME = AppIcon;
				INFOPLIST_FILE = CreaTuPizzaWatch/Info.plist;
				LD_RUNPATH_SEARCH_PATHS = "$(inherited) @executable_path/Frameworks";
				PRODUCT_BUNDLE_IDENTIFIER = mx.itesm.CreaTuPizzaWatch;
				PRODUCT_NAME = "$(TARGET_NAME)";
			};
			name = Release;
		};
/* End XCBuildConfiguration section */

/* Begin XCConfigurationList section */
		564C1C971C54999E003AA2C4 /* Build configuration list for PBXProject "CreaTuPizzaWatch" */ = {
			isa = XCConfigurationList;
			buildConfigurations = (
				564C1CC91C54999E003AA2C4 /* Debug */,
				564C1CCA1C54999E003AA2C4 /* Release */,
			);
			defaultConfigurationIsVisible = 0;
			defaultConfigurationName = Release;
		};
		564C1CCB1C54999E003AA2C4 /* Build configuration list for PBXNativeTarget "CreaTuPizzaWatch WatchKit Extension" */ = {
			isa = XCConfigurationList;
			buildConfigurations = (
				564C1CCC1C54999E003AA2C4 /* Debug */,
				564C1CCD1C54999E003AA2C4 /* Release */,
			);
			defaultConfigurationIsVisible = 0;
			defaultConfigurationName = Release;
		};
		564C1CCF1C54999E003AA2C4 /* Build configuration list for PBXNativeTarget "CreaTuPizzaWatch WatchKit App" */ = {
			isa = XCConfigurationList;
			buildConfigurations = (
				564C1CD01C54999E003AA2C4 /* Debug */,
				564C1CD11C54999E003AA2C4 /* Release */,
			);
			defaultConfigurationIsVisible = 0;
			defaultConfigurationName = Release;
		};
		564C1CD31C54999E003AA2C4 /* Build configuration list for PBXNativeTarget "CreaTuPizzaWatch" */ = {
			isa = XCConfigurationList;
			buildConfigurations = (
				564C1CD41C54999E003AA2C4 /* Debug */,
				564C1CD51C54999E003AA2C4 /* Release */,
			);
			defaultConfigurationIsVisible = 0;
			defaultConfigurationName = Release;
		};
/* End XCConfigurationList section */
	};
	rootObject = 564C1C941C54999E003AA2C4 /* Project object */;
}
